
Microsoft Visual Studio Solution File, Format Version 11.00
# Visual Studio 2010
Project("{FAE04EC0-301F-11D3-BF4B-00C04F79EFBC}") = "FurcadiaFramework_Example", "FurcadiaFramework_Example\FurcadiaFramework_Example.csproj", "{C1DCB738-FA04-4C2B-8718-A035AF86758C}"
EndProject
Project("{FAE04EC0-301F-11D3-BF4B-00C04F79EFBC}") = "FurcadiaLib", "FurcadiaLib\FurcadiaLib.csproj", "{156C2AF0-3DA8-4D8C-A525-5400185579B3}"
EndProject
Project("{F184B08F-C81C-45F6-A57F-5ABD9991F28F}") = "SimpleProxy2", "..\simpleproxy\SimpleProxy2.vbproj", "{A2C3323D-B8B3-437D-9D56-80CD8ED88281}"
	ProjectSection(ProjectDependencies) = postProject
		{156C2AF0-3DA8-4D8C-A525-5400185579B3} = {156C2AF0-3DA8-4D8C-A525-5400185579B3}
	EndProjectSection
EndProject
Global
	GlobalSection(TeamFoundationVersionControl) = preSolution
		SccNumberOfProjects = 4
		SccEnterpriseProvider = {4CA58AB2-18FA-4F8D-95D4-32DDF27D184C}
		SccTeamFoundationServer = https://tfs.codeplex.com/tfs/tfs05
		SccLocalPath0 = .
		SccProjectUniqueName1 = FurcadiaFramework_Example\\FurcadiaFramework_Example.csproj
		SccProjectName1 = FurcadiaFramework_Example
		SccLocalPath1 = FurcadiaFramework_Example
		SccProjectUniqueName2 = FurcadiaLib\\FurcadiaLib.csproj
		SccProjectName2 = FurcadiaLib
		SccLocalPath2 = FurcadiaLib
		SccProjectUniqueName3 = ..\\simpleproxy\\SimpleProxy2.vbproj
		SccProjectName3 = ../simpleproxy
		SccLocalPath3 = ..\\simpleproxy
	EndGlobalSection
	GlobalSection(SolutionConfigurationPlatforms) = preSolution
		Debug|Any CPU = Debug|Any CPU
		Release|Any CPU = Release|Any CPU
	EndGlobalSection
	GlobalSection(ProjectConfigurationPlatforms) = postSolution
		{C1DCB738-FA04-4C2B-8718-A035AF86758C}.Debug|Any CPU.ActiveCfg = Debug|Any CPU
		{C1DCB738-FA04-4C2B-8718-A035AF86758C}.Debug|Any CPU.Build.0 = Debug|Any CPU
		{C1DCB738-FA04-4C2B-8718-A035AF86758C}.Release|Any CPU.ActiveCfg = Release|Any CPU
		{C1DCB738-FA04-4C2B-8718-A035AF86758C}.Release|Any CPU.Build.0 = Release|Any CPU
		{156C2AF0-3DA8-4D8C-A525-5400185579B3}.Debug|Any CPU.ActiveCfg = Debug|Any CPU
		{156C2AF0-3DA8-4D8C-A525-5400185579B3}.Debug|Any CPU.Build.0 = Debug|Any CPU
		{156C2AF0-3DA8-4D8C-A525-5400185579B3}.Release|Any CPU.ActiveCfg = Release|Any CPU
		{156C2AF0-3DA8-4D8C-A525-5400185579B3}.Release|Any CPU.Build.0 = Release|Any CPU
		{A2C3323D-B8B3-437D-9D56-80CD8ED88281}.Debug|Any CPU.ActiveCfg = Debug|Any CPU
		{A2C3323D-B8B3-437D-9D56-80CD8ED88281}.Debug|Any CPU.Build.0 = Debug|Any CPU
		{A2C3323D-B8B3-437D-9D56-80CD8ED88281}.Release|Any CPU.ActiveCfg = Release|Any CPU
		{A2C3323D-B8B3-437D-9D56-80CD8ED88281}.Release|Any CPU.Build.0 = Release|Any CPU
	EndGlobalSection
	GlobalSection(SolutionProperties) = preSolution
		HideSolutionNode = FALSE
	EndGlobalSection
	GlobalSection(MonoDevelopProperties) = preSolution
		StartupItem = FurcadiaFramework_Example\FurcadiaFramework_Example.csproj
		Policies = $0
		$0.DotNetNamingPolicy = $1
		$1.DirectoryNamespaceAssociation = PrefixedHierarchical
		$1.ResourceNamePolicy = FileFormatDefault
		$0.VersionControlPolicy = $2
		$2.inheritsSet = Mono
		$0.ChangeLogPolicy = $3
		$3.UpdateMode = None
		$3.MessageStyle = $4
		$4.LineAlign = 0
		$3.inheritsSet = Mono
		version = 0.3
	EndGlobalSection
EndGlobal
