
Microsoft Visual Studio Solution File, Format Version 12.00
# Visual Studio 15
VisualStudioVersion = 15.0.26403.7
MinimumVisualStudioVersion = 10.0.40219.1
Project("{FAE04EC0-301F-11D3-BF4B-00C04F79EFBC}") = "FurcadiaLib", "FurcLib\FurcadiaLib.csproj", "{156C2AF0-3DA8-4D8C-A525-5400185579B3}"
EndProject
Project("{2150E333-8FDC-42A3-9474-1A3956D46DE8}") = "Examples", "Examples", "{4A9951DF-53F9-4381-9035-F776E4A37C03}"
EndProject
Project("{2150E333-8FDC-42A3-9474-1A3956D46DE8}") = "Documentation", "Documentation", "{C21B09BB-6599-4333-BEC2-3700FCB2356A}"
EndProject
Project("{7CF6DF6D-3B04-46F8-A40B-537D21BCA0B4}") = "Furcadia Framework Help", "Documentation\Furcadia Framework Help\Furcadia Framework Help.shfbproj", "{B2878B72-7524-40D9-8A4E-53561094567E}"
EndProject
Project("{FAE04EC0-301F-11D3-BF4B-00C04F79EFBC}") = "BugProxy", "Examples\BugProxy\BugProxy.csproj", "{B73B04C7-3FCB-4BFD-8DCB-B0CF5E81FBF9}"
EndProject
Project("{2150E333-8FDC-42A3-9474-1A3956D46DE8}") = "Unit Tests", "Unit Tests", "{AF7971C4-0356-46A5-9BC8-9056036C997E}"
EndProject
Project("{FAE04EC0-301F-11D3-BF4B-00C04F79EFBC}") = "FurcadiaLibTests", "UnitTests\FurcadiaLibTests\FurcadiaLibTests.csproj", "{2A3A81F8-9B1F-45AA-A8D7-AA28FA9522EC}"
	ProjectSection(ProjectDependencies) = postProject
		{B73B04C7-3FCB-4BFD-8DCB-B0CF5E81FBF9} = {B73B04C7-3FCB-4BFD-8DCB-B0CF5E81FBF9}
	EndProjectSection
EndProject
Project("{2150E333-8FDC-42A3-9474-1A3956D46DE8}") = "Solution Items", "Solution Items", "{8493E54F-A83F-430A-84F6-8137C9D16C51}"
	ProjectSection(SolutionItems) = preProject
		Backup SRC.cmd = Backup SRC.cmd
		Solution.build = Solution.build
	EndProjectSection
EndProject
Project("{FAE04EC0-301F-11D3-BF4B-00C04F79EFBC}") = "BugConsole", "Examples\BugConsole\BugConsole.csproj", "{E12C32C1-4131-440A-832C-A7DAD3DC9ECF}"
EndProject
Project("{FAE04EC0-301F-11D3-BF4B-00C04F79EFBC}") = "BeekinProxy", "Examples\BeekinProxy\BeekinProxy.csproj", "{963AE520-CD12-4072-92D6-5DF657B6844F}"
EndProject
Global
	GlobalSection(SolutionConfigurationPlatforms) = preSolution
		Debug|Any CPU = Debug|Any CPU
		Debug|x86 = Debug|x86
		Release|Any CPU = Release|Any CPU
		Release|x86 = Release|x86
	EndGlobalSection
	GlobalSection(ProjectConfigurationPlatforms) = postSolution
		{156C2AF0-3DA8-4D8C-A525-5400185579B3}.Debug|Any CPU.ActiveCfg = Debug|Any CPU
		{156C2AF0-3DA8-4D8C-A525-5400185579B3}.Debug|Any CPU.Build.0 = Debug|Any CPU
		{156C2AF0-3DA8-4D8C-A525-5400185579B3}.Debug|x86.ActiveCfg = Debug|Any CPU
		{156C2AF0-3DA8-4D8C-A525-5400185579B3}.Debug|x86.Build.0 = Debug|Any CPU
		{156C2AF0-3DA8-4D8C-A525-5400185579B3}.Release|Any CPU.ActiveCfg = Release|Any CPU
		{156C2AF0-3DA8-4D8C-A525-5400185579B3}.Release|Any CPU.Build.0 = Release|Any CPU
		{156C2AF0-3DA8-4D8C-A525-5400185579B3}.Release|x86.ActiveCfg = Release|Any CPU
		{156C2AF0-3DA8-4D8C-A525-5400185579B3}.Release|x86.Build.0 = Release|Any CPU
		{B2878B72-7524-40D9-8A4E-53561094567E}.Debug|Any CPU.ActiveCfg = Debug|Any CPU
		{B2878B72-7524-40D9-8A4E-53561094567E}.Debug|x86.ActiveCfg = Debug|Any CPU
		{B2878B72-7524-40D9-8A4E-53561094567E}.Debug|x86.Build.0 = Debug|Any CPU
		{B2878B72-7524-40D9-8A4E-53561094567E}.Release|Any CPU.ActiveCfg = Release|Any CPU
		{B2878B72-7524-40D9-8A4E-53561094567E}.Release|Any CPU.Build.0 = Release|Any CPU
		{B2878B72-7524-40D9-8A4E-53561094567E}.Release|x86.ActiveCfg = Release|Any CPU
		{B2878B72-7524-40D9-8A4E-53561094567E}.Release|x86.Build.0 = Release|Any CPU
		{B73B04C7-3FCB-4BFD-8DCB-B0CF5E81FBF9}.Debug|Any CPU.ActiveCfg = Debug|Any CPU
		{B73B04C7-3FCB-4BFD-8DCB-B0CF5E81FBF9}.Debug|Any CPU.Build.0 = Debug|Any CPU
		{B73B04C7-3FCB-4BFD-8DCB-B0CF5E81FBF9}.Debug|x86.ActiveCfg = Debug|Any CPU
		{B73B04C7-3FCB-4BFD-8DCB-B0CF5E81FBF9}.Debug|x86.Build.0 = Debug|Any CPU
		{B73B04C7-3FCB-4BFD-8DCB-B0CF5E81FBF9}.Release|Any CPU.ActiveCfg = Release|Any CPU
		{B73B04C7-3FCB-4BFD-8DCB-B0CF5E81FBF9}.Release|Any CPU.Build.0 = Release|Any CPU
		{B73B04C7-3FCB-4BFD-8DCB-B0CF5E81FBF9}.Release|x86.ActiveCfg = Release|Any CPU
		{B73B04C7-3FCB-4BFD-8DCB-B0CF5E81FBF9}.Release|x86.Build.0 = Release|Any CPU
		{2A3A81F8-9B1F-45AA-A8D7-AA28FA9522EC}.Debug|Any CPU.ActiveCfg = Debug|Any CPU
		{2A3A81F8-9B1F-45AA-A8D7-AA28FA9522EC}.Debug|Any CPU.Build.0 = Debug|Any CPU
		{2A3A81F8-9B1F-45AA-A8D7-AA28FA9522EC}.Debug|x86.ActiveCfg = Debug|Any CPU
		{2A3A81F8-9B1F-45AA-A8D7-AA28FA9522EC}.Debug|x86.Build.0 = Debug|Any CPU
		{2A3A81F8-9B1F-45AA-A8D7-AA28FA9522EC}.Release|Any CPU.ActiveCfg = Release|Any CPU
		{2A3A81F8-9B1F-45AA-A8D7-AA28FA9522EC}.Release|Any CPU.Build.0 = Release|Any CPU
		{2A3A81F8-9B1F-45AA-A8D7-AA28FA9522EC}.Release|x86.ActiveCfg = Release|Any CPU
		{2A3A81F8-9B1F-45AA-A8D7-AA28FA9522EC}.Release|x86.Build.0 = Release|Any CPU
		{2A3A81F8-9B1F-45AA-A8D7-AA28FA9522EC}.Release|x86.Deploy.0 = Release|Any CPU
		{E12C32C1-4131-440A-832C-A7DAD3DC9ECF}.Debug|Any CPU.ActiveCfg = Debug|Any CPU
		{E12C32C1-4131-440A-832C-A7DAD3DC9ECF}.Debug|Any CPU.Build.0 = Debug|Any CPU
		{E12C32C1-4131-440A-832C-A7DAD3DC9ECF}.Debug|x86.ActiveCfg = Debug|Any CPU
		{E12C32C1-4131-440A-832C-A7DAD3DC9ECF}.Debug|x86.Build.0 = Debug|Any CPU
		{E12C32C1-4131-440A-832C-A7DAD3DC9ECF}.Release|Any CPU.ActiveCfg = Release|Any CPU
		{E12C32C1-4131-440A-832C-A7DAD3DC9ECF}.Release|Any CPU.Build.0 = Release|Any CPU
		{E12C32C1-4131-440A-832C-A7DAD3DC9ECF}.Release|x86.ActiveCfg = Release|Any CPU
		{E12C32C1-4131-440A-832C-A7DAD3DC9ECF}.Release|x86.Build.0 = Release|Any CPU
		{963AE520-CD12-4072-92D6-5DF657B6844F}.Debug|Any CPU.ActiveCfg = Debug|Any CPU
		{963AE520-CD12-4072-92D6-5DF657B6844F}.Debug|Any CPU.Build.0 = Debug|Any CPU
		{963AE520-CD12-4072-92D6-5DF657B6844F}.Debug|x86.ActiveCfg = Debug|Any CPU
		{963AE520-CD12-4072-92D6-5DF657B6844F}.Debug|x86.Build.0 = Debug|Any CPU
		{963AE520-CD12-4072-92D6-5DF657B6844F}.Release|Any CPU.ActiveCfg = Release|Any CPU
		{963AE520-CD12-4072-92D6-5DF657B6844F}.Release|Any CPU.Build.0 = Release|Any CPU
		{963AE520-CD12-4072-92D6-5DF657B6844F}.Release|x86.ActiveCfg = Release|Any CPU
		{963AE520-CD12-4072-92D6-5DF657B6844F}.Release|x86.Build.0 = Release|Any CPU
	EndGlobalSection
	GlobalSection(SolutionProperties) = preSolution
		HideSolutionNode = FALSE
	EndGlobalSection
	GlobalSection(NestedProjects) = preSolution
		{B2878B72-7524-40D9-8A4E-53561094567E} = {C21B09BB-6599-4333-BEC2-3700FCB2356A}
		{B73B04C7-3FCB-4BFD-8DCB-B0CF5E81FBF9} = {4A9951DF-53F9-4381-9035-F776E4A37C03}
		{2A3A81F8-9B1F-45AA-A8D7-AA28FA9522EC} = {AF7971C4-0356-46A5-9BC8-9056036C997E}
		{E12C32C1-4131-440A-832C-A7DAD3DC9ECF} = {4A9951DF-53F9-4381-9035-F776E4A37C03}
		{963AE520-CD12-4072-92D6-5DF657B6844F} = {4A9951DF-53F9-4381-9035-F776E4A37C03}
	EndGlobalSection
	GlobalSection(MonoDevelopProperties) = preSolution
		StartupItem = FurcadiaFramework_Example\FurcadiaFramework_Example.csproj
		Policies = $0
		$0.DotNetNamingPolicy = $1
		$1.DirectoryNamespaceAssociation = PrefixedHierarchical
		$1.ResourceNamePolicy = FileFormatDefault
		$0.VersionControlPolicy = $2
		$2.inheritsSet = Mono
		$0.ChangeLogPolicy = $3
		$3.UpdateMode = None
		$3.MessageStyle = $4
		$4.LineAlign = 0
		$3.inheritsSet = Mono
		version = 0.3
	EndGlobalSection
EndGlobal
